// !$*UTF8*$!
{
	archiveVersion = 1;
	classes = {
	};
	objectVersion = 50;
	objects = {

/* Begin PBXBuildFile section */
		3900AF1794C99900825CF827 /* Pods_Media_Picker.framework in Frameworks */ = {isa = PBXBuildFile; fileRef = 5D0AC8C0E459AA4B5839B304 /* Pods_Media_Picker.framework */; };
		5D929DF5221A412200D60EE9 /* AppDelegate.swift in Sources */ = {isa = PBXBuildFile; fileRef = 5D929DF4221A412200D60EE9 /* AppDelegate.swift */; };
		5D929DF7221A412200D60EE9 /* ViewController.swift in Sources */ = {isa = PBXBuildFile; fileRef = 5D929DF6221A412200D60EE9 /* ViewController.swift */; };
		5D929DFA221A412200D60EE9 /* Main.storyboard in Resources */ = {isa = PBXBuildFile; fileRef = 5D929DF8221A412200D60EE9 /* Main.storyboard */; };
		5D929DFC221A412300D60EE9 /* Assets.xcassets in Resources */ = {isa = PBXBuildFile; fileRef = 5D929DFB221A412300D60EE9 /* Assets.xcassets */; };
		5D929DFF221A412300D60EE9 /* LaunchScreen.storyboard in Resources */ = {isa = PBXBuildFile; fileRef = 5D929DFD221A412300D60EE9 /* LaunchScreen.storyboard */; };
		5D929E0B221A435F00D60EE9 /* MediaPickerViewController.swift in Sources */ = {isa = PBXBuildFile; fileRef = 5D929E09221A435F00D60EE9 /* MediaPickerViewController.swift */; };
		5D929E0C221A435F00D60EE9 /* MediaPickerViewController.xib in Resources */ = {isa = PBXBuildFile; fileRef = 5D929E0A221A435F00D60EE9 /* MediaPickerViewController.xib */; };
		5D929E0F221A43CD00D60EE9 /* MediaPickerEnums.swift in Sources */ = {isa = PBXBuildFile; fileRef = 5D929E0E221A43CD00D60EE9 /* MediaPickerEnums.swift */; };
		5D929E11221A46A000D60EE9 /* MediaPickerProtocol.swift in Sources */ = {isa = PBXBuildFile; fileRef = 5D929E10221A46A000D60EE9 /* MediaPickerProtocol.swift */; };
/* End PBXBuildFile section */

/* Begin PBXFileReference section */
		0BA3E8F4279E93F78BB98F15 /* Pods-Media Picker.debug.xcconfig */ = {isa = PBXFileReference; includeInIndex = 1; lastKnownFileType = text.xcconfig; name = "Pods-Media Picker.debug.xcconfig"; path = "Pods/Target Support Files/Pods-Media Picker/Pods-Media Picker.debug.xcconfig"; sourceTree = "<group>"; };
		21EB94B5198DD2DB80C895A9 /* Pods-Media Picker.release.xcconfig */ = {isa = PBXFileReference; includeInIndex = 1; lastKnownFileType = text.xcconfig; name = "Pods-Media Picker.release.xcconfig"; path = "Pods/Target Support Files/Pods-Media Picker/Pods-Media Picker.release.xcconfig"; sourceTree = "<group>"; };
		5D0AC8C0E459AA4B5839B304 /* Pods_Media_Picker.framework */ = {isa = PBXFileReference; explicitFileType = wrapper.framework; includeInIndex = 0; path = Pods_Media_Picker.framework; sourceTree = BUILT_PRODUCTS_DIR; };
		5D929DF1221A412200D60EE9 /* Media Picker.app */ = {isa = PBXFileReference; explicitFileType = wrapper.application; includeInIndex = 0; path = "Media Picker.app"; sourceTree = BUILT_PRODUCTS_DIR; };
		5D929DF4221A412200D60EE9 /* AppDelegate.swift */ = {isa = PBXFileReference; lastKnownFileType = sourcecode.swift; path = AppDelegate.swift; sourceTree = "<group>"; };
		5D929DF6221A412200D60EE9 /* ViewController.swift */ = {isa = PBXFileReference; lastKnownFileType = sourcecode.swift; path = ViewController.swift; sourceTree = "<group>"; };
		5D929DF9221A412200D60EE9 /* Base */ = {isa = PBXFileReference; lastKnownFileType = file.storyboard; name = Base; path = Base.lproj/Main.storyboard; sourceTree = "<group>"; };
		5D929DFB221A412300D60EE9 /* Assets.xcassets */ = {isa = PBXFileReference; lastKnownFileType = folder.assetcatalog; path = Assets.xcassets; sourceTree = "<group>"; };
		5D929DFE221A412300D60EE9 /* Base */ = {isa = PBXFileReference; lastKnownFileType = file.storyboard; name = Base; path = Base.lproj/LaunchScreen.storyboard; sourceTree = "<group>"; };
		5D929E00221A412300D60EE9 /* Info.plist */ = {isa = PBXFileReference; lastKnownFileType = text.plist.xml; path = Info.plist; sourceTree = "<group>"; };
		5D929E09221A435F00D60EE9 /* MediaPickerViewController.swift */ = {isa = PBXFileReference; lastKnownFileType = sourcecode.swift; path = MediaPickerViewController.swift; sourceTree = "<group>"; };
		5D929E0A221A435F00D60EE9 /* MediaPickerViewController.xib */ = {isa = PBXFileReference; lastKnownFileType = file.xib; path = MediaPickerViewController.xib; sourceTree = "<group>"; };
		5D929E0E221A43CD00D60EE9 /* MediaPickerEnums.swift */ = {isa = PBXFileReference; lastKnownFileType = sourcecode.swift; path = MediaPickerEnums.swift; sourceTree = "<group>"; };
		5D929E10221A46A000D60EE9 /* MediaPickerProtocol.swift */ = {isa = PBXFileReference; lastKnownFileType = sourcecode.swift; path = MediaPickerProtocol.swift; sourceTree = "<group>"; };
/* End PBXFileReference section */

/* Begin PBXFrameworksBuildPhase section */
		5D929DEE221A412200D60EE9 /* Frameworks */ = {
			isa = PBXFrameworksBuildPhase;
			buildActionMask = 2147483647;
			files = (
				3900AF1794C99900825CF827 /* Pods_Media_Picker.framework in Frameworks */,
			);
			runOnlyForDeploymentPostprocessing = 0;
		};
/* End PBXFrameworksBuildPhase section */

/* Begin PBXGroup section */
		2CB32B47E0803A0479A51233 /* Frameworks */ = {
			isa = PBXGroup;
			children = (
				5D0AC8C0E459AA4B5839B304 /* Pods_Media_Picker.framework */,
			);
			name = Frameworks;
			sourceTree = "<group>";
		};
		5D929DE8221A412200D60EE9 = {
			isa = PBXGroup;
			children = (
				5D929DF3221A412200D60EE9 /* Media Picker */,
				5D929DF2221A412200D60EE9 /* Products */,
				AC40C26BC73AB0D295A8EEDA /* Pods */,
				2CB32B47E0803A0479A51233 /* Frameworks */,
			);
			sourceTree = "<group>";
		};
		5D929DF2221A412200D60EE9 /* Products */ = {
			isa = PBXGroup;
			children = (
				5D929DF1221A412200D60EE9 /* Media Picker.app */,
			);
			name = Products;
			sourceTree = "<group>";
		};
		5D929DF3221A412200D60EE9 /* Media Picker */ = {
			isa = PBXGroup;
			children = (
				5D929E06221A432900D60EE9 /* Media Picker */,
				5D929DF4221A412200D60EE9 /* AppDelegate.swift */,
				5D929DF6221A412200D60EE9 /* ViewController.swift */,
				5D929DF8221A412200D60EE9 /* Main.storyboard */,
				5D929DFB221A412300D60EE9 /* Assets.xcassets */,
				5D929DFD221A412300D60EE9 /* LaunchScreen.storyboard */,
				5D929E00221A412300D60EE9 /* Info.plist */,
			);
			path = "Media Picker";
			sourceTree = "<group>";
		};
		5D929E06221A432900D60EE9 /* Media Picker */ = {
			isa = PBXGroup;
			children = (
				5D929E0D221A43BE00D60EE9 /* Helpers */,
				5D929E09221A435F00D60EE9 /* MediaPickerViewController.swift */,
				5D929E0A221A435F00D60EE9 /* MediaPickerViewController.xib */,
				5D929E10221A46A000D60EE9 /* MediaPickerProtocol.swift */,
			);
			path = "Media Picker";
			sourceTree = "<group>";
		};
		5D929E0D221A43BE00D60EE9 /* Helpers */ = {
			isa = PBXGroup;
			children = (
				5D929E0E221A43CD00D60EE9 /* MediaPickerEnums.swift */,
			);
			path = Helpers;
			sourceTree = "<group>";
		};
		AC40C26BC73AB0D295A8EEDA /* Pods */ = {
			isa = PBXGroup;
			children = (
				0BA3E8F4279E93F78BB98F15 /* Pods-Media Picker.debug.xcconfig */,
				21EB94B5198DD2DB80C895A9 /* Pods-Media Picker.release.xcconfig */,
			);
			name = Pods;
			sourceTree = "<group>";
		};
/* End PBXGroup section */

/* Begin PBXNativeTarget section */
		5D929DF0221A412200D60EE9 /* Media Picker */ = {
			isa = PBXNativeTarget;
			buildConfigurationList = 5D929E03221A412300D60EE9 /* Build configuration list for PBXNativeTarget "Media Picker" */;
			buildPhases = (
				679CC62FA14414265DE875A4 /* [CP] Check Pods Manifest.lock */,
				5D929DED221A412200D60EE9 /* Sources */,
				5D929DEE221A412200D60EE9 /* Frameworks */,
				5D929DEF221A412200D60EE9 /* Resources */,
				9C7D283A685660FD37D5673A /* [CP] Embed Pods Frameworks */,
			);
			buildRules = (
			);
			dependencies = (
			);
			name = "Media Picker";
			productName = "Media Picker";
			productReference = 5D929DF1221A412200D60EE9 /* Media Picker.app */;
			productType = "com.apple.product-type.application";
		};
/* End PBXNativeTarget section */

/* Begin PBXProject section */
		5D929DE9221A412200D60EE9 /* Project object */ = {
			isa = PBXProject;
			attributes = {
				LastSwiftUpdateCheck = 1000;
				LastUpgradeCheck = 1000;
				ORGANIZATIONNAME = InsightWorkshop;
				TargetAttributes = {
					5D929DF0221A412200D60EE9 = {
						CreatedOnToolsVersion = 10.0;
					};
				};
			};
			buildConfigurationList = 5D929DEC221A412200D60EE9 /* Build configuration list for PBXProject "Media Picker" */;
			compatibilityVersion = "Xcode 9.3";
			developmentRegion = en;
			hasScannedForEncodings = 0;
			knownRegions = (
				en,
				Base,
			);
			mainGroup = 5D929DE8221A412200D60EE9;
			productRefGroup = 5D929DF2221A412200D60EE9 /* Products */;
			projectDirPath = "";
			projectRoot = "";
			targets = (
				5D929DF0221A412200D60EE9 /* Media Picker */,
			);
		};
/* End PBXProject section */

/* Begin PBXResourcesBuildPhase section */
		5D929DEF221A412200D60EE9 /* Resources */ = {
			isa = PBXResourcesBuildPhase;
			buildActionMask = 2147483647;
			files = (
				5D929DFF221A412300D60EE9 /* LaunchScreen.storyboard in Resources */,
				5D929DFC221A412300D60EE9 /* Assets.xcassets in Resources */,
				5D929DFA221A412200D60EE9 /* Main.storyboard in Resources */,
				5D929E0C221A435F00D60EE9 /* MediaPickerViewController.xib in Resources */,
			);
			runOnlyForDeploymentPostprocessing = 0;
		};
/* End PBXResourcesBuildPhase section */

/* Begin PBXShellScriptBuildPhase section */
		679CC62FA14414265DE875A4 /* [CP] Check Pods Manifest.lock */ = {
			isa = PBXShellScriptBuildPhase;
			buildActionMask = 2147483647;
			files = (
			);
			inputFileListPaths = (
			);
			inputPaths = (
				"${PODS_PODFILE_DIR_PATH}/Podfile.lock",
				"${PODS_ROOT}/Manifest.lock",
			);
			name = "[CP] Check Pods Manifest.lock";
			outputFileListPaths = (
			);
			outputPaths = (
				"$(DERIVED_FILE_DIR)/Pods-Media Picker-checkManifestLockResult.txt",
			);
			runOnlyForDeploymentPostprocessing = 0;
			shellPath = /bin/sh;
			shellScript = "diff \"${PODS_PODFILE_DIR_PATH}/Podfile.lock\" \"${PODS_ROOT}/Manifest.lock\" > /dev/null\nif [ $? != 0 ] ; then\n    # print error to STDERR\n    echo \"error: The sandbox is not in sync with the Podfile.lock. Run 'pod install' or update your CocoaPods installation.\" >&2\n    exit 1\nfi\n# This output is used by Xcode 'outputs' to avoid re-running this script phase.\necho \"SUCCESS\" > \"${SCRIPT_OUTPUT_FILE_0}\"\n";
			showEnvVarsInLog = 0;
		};
		9C7D283A685660FD37D5673A /* [CP] Embed Pods Frameworks */ = {
			isa = PBXShellScriptBuildPhase;
			buildActionMask = 2147483647;
			files = (
			);
			inputFileListPaths = (
			);
			inputPaths = (
				"${SRCROOT}/Pods/Target Support Files/Pods-Media Picker/Pods-Media Picker-frameworks.sh",
				"${BUILT_PRODUCTS_DIR}/CropViewController/CropViewController.framework",
			);
			name = "[CP] Embed Pods Frameworks";
			outputFileListPaths = (
			);
			outputPaths = (
				"${TARGET_BUILD_DIR}/${FRAMEWORKS_FOLDER_PATH}/CropViewController.framework",
			);
			runOnlyForDeploymentPostprocessing = 0;
			shellPath = /bin/sh;
			shellScript = "\"${SRCROOT}/Pods/Target Support Files/Pods-Media Picker/Pods-Media Picker-frameworks.sh\"\n";
			showEnvVarsInLog = 0;
		};
/* End PBXShellScriptBuildPhase section */

/* Begin PBXSourcesBuildPhase section */
		5D929DED221A412200D60EE9 /* Sources */ = {
			isa = PBXSourcesBuildPhase;
			buildActionMask = 2147483647;
			files = (
				5D929DF7221A412200D60EE9 /* ViewController.swift in Sources */,
				5D929E0B221A435F00D60EE9 /* MediaPickerViewController.swift in Sources */,
				5D929DF5221A412200D60EE9 /* AppDelegate.swift in Sources */,
				5D929E11221A46A000D60EE9 /* MediaPickerProtocol.swift in Sources */,
				5D929E0F221A43CD00D60EE9 /* MediaPickerEnums.swift in Sources */,
			);
			runOnlyForDeploymentPostprocessing = 0;
		};
/* End PBXSourcesBuildPhase section */

/* Begin PBXVariantGroup section */
		5D929DF8221A412200D60EE9 /* Main.storyboard */ = {
			isa = PBXVariantGroup;
			children = (
				5D929DF9221A412200D60EE9 /* Base */,
			);
			name = Main.storyboard;
			sourceTree = "<group>";
		};
		5D929DFD221A412300D60EE9 /* LaunchScreen.storyboard */ = {
			isa = PBXVariantGroup;
			children = (
				5D929DFE221A412300D60EE9 /* Base */,
			);
			name = LaunchScreen.storyboard;
			sourceTree = "<group>";
		};
/* End PBXVariantGroup section */

/* Begin XCBuildConfiguration section */
		5D929E01221A412300D60EE9 /* Debug */ = {
			isa = XCBuildConfiguration;
			buildSettings = {
				ALWAYS_SEARCH_USER_PATHS = NO;
				CLANG_ANALYZER_NONNULL = YES;
				CLANG_ANALYZER_NUMBER_OBJECT_CONVERSION = YES_AGGRESSIVE;
				CLANG_CXX_LANGUAGE_STANDARD = "gnu++14";
				CLANG_CXX_LIBRARY = "libc++";
				CLANG_ENABLE_MODULES = YES;
				CLANG_ENABLE_OBJC_ARC = YES;
				CLANG_ENABLE_OBJC_WEAK = YES;
				CLANG_WARN_BLOCK_CAPTURE_AUTORELEASING = YES;
				CLANG_WARN_BOOL_CONVERSION = YES;
				CLANG_WARN_COMMA = YES;
				CLANG_WARN_CONSTANT_CONVERSION = YES;
				CLANG_WARN_DEPRECATED_OBJC_IMPLEMENTATIONS = YES;
				CLANG_WARN_DIRECT_OBJC_ISA_USAGE = YES_ERROR;
				CLANG_WARN_DOCUMENTATION_COMMENTS = YES;
				CLANG_WARN_EMPTY_BODY = YES;
				CLANG_WARN_ENUM_CONVERSION = YES;
				CLANG_WARN_INFINITE_RECURSION = YES;
				CLANG_WARN_INT_CONVERSION = YES;
				CLANG_WARN_NON_LITERAL_NULL_CONVERSION = YES;
				CLANG_WARN_OBJC_IMPLICIT_RETAIN_SELF = YES;
				CLANG_WARN_OBJC_LITERAL_CONVERSION = YES;
				CLANG_WARN_OBJC_ROOT_CLASS = YES_ERROR;
				CLANG_WARN_RANGE_LOOP_ANALYSIS = YES;
				CLANG_WARN_STRICT_PROTOTYPES = YES;
				CLANG_WARN_SUSPICIOUS_MOVE = YES;
				CLANG_WARN_UNGUARDED_AVAILABILITY = YES_AGGRESSIVE;
				CLANG_WARN_UNREACHABLE_CODE = YES;
				CLANG_WARN__DUPLICATE_METHOD_MATCH = YES;
				CODE_SIGN_IDENTITY = "iPhone Developer";
				COPY_PHASE_STRIP = NO;
				DEBUG_INFORMATION_FORMAT = dwarf;
				ENABLE_STRICT_OBJC_MSGSEND = YES;
				ENABLE_TESTABILITY = YES;
				GCC_C_LANGUAGE_STANDARD = gnu11;
				GCC_DYNAMIC_NO_PIC = NO;
				GCC_NO_COMMON_BLOCKS = YES;
				GCC_OPTIMIZATION_LEVEL = 0;
				GCC_PREPROCESSOR_DEFINITIONS = (
					"DEBUG=1",
					"$(inherited)",
				);
				GCC_WARN_64_TO_32_BIT_CONVERSION = YES;
				GCC_WARN_ABOUT_RETURN_TYPE = YES_ERROR;
				GCC_WARN_UNDECLARED_SELECTOR = YES;
				GCC_WARN_UNINITIALIZED_AUTOS = YES_AGGRESSIVE;
				GCC_WARN_UNUSED_FUNCTION = YES;
				GCC_WARN_UNUSED_VARIABLE = YES;
				IPHONEOS_DEPLOYMENT_TARGET = 12.0;
				MTL_ENABLE_DEBUG_INFO = INCLUDE_SOURCE;
				MTL_FAST_MATH = YES;
				ONLY_ACTIVE_ARCH = YES;
				SDKROOT = iphoneos;
				SWIFT_ACTIVE_COMPILATION_CONDITIONS = DEBUG;
				SWIFT_OPTIMIZATION_LEVEL = "-Onone";
			};
			name = Debug;
		};
		5D929E02221A412300D60EE9 /* Release */ = {
			isa = XCBuildConfiguration;
			buildSettings = {
				ALWAYS_SEARCH_USER_PATHS = NO;
				CLANG_ANALYZER_NONNULL = YES;
				CLANG_ANALYZER_NUMBER_OBJECT_CONVERSION = YES_AGGRESSIVE;
				CLANG_CXX_LANGUAGE_STANDARD = "gnu++14";
				CLANG_CXX_LIBRARY = "libc++";
				CLANG_ENABLE_MODULES = YES;
				CLANG_ENABLE_OBJC_ARC = YES;
				CLANG_ENABLE_OBJC_WEAK = YES;
				CLANG_WARN_BLOCK_CAPTURE_AUTORELEASING = YES;
				CLANG_WARN_BOOL_CONVERSION = YES;
				CLANG_WARN_COMMA = YES;
				CLANG_WARN_CONSTANT_CONVERSION = YES;
				CLANG_WARN_DEPRECATED_OBJC_IMPLEMENTATIONS = YES;
				CLANG_WARN_DIRECT_OBJC_ISA_USAGE = YES_ERROR;
				CLANG_WARN_DOCUMENTATION_COMMENTS = YES;
				CLANG_WARN_EMPTY_BODY = YES;
				CLANG_WARN_ENUM_CONVERSION = YES;
				CLANG_WARN_INFINITE_RECURSION = YES;
				CLANG_WARN_INT_CONVERSION = YES;
				CLANG_WARN_NON_LITERAL_NULL_CONVERSION = YES;
				CLANG_WARN_OBJC_IMPLICIT_RETAIN_SELF = YES;
				CLANG_WARN_OBJC_LITERAL_CONVERSION = YES;
				CLANG_WARN_OBJC_ROOT_CLASS = YES_ERROR;
				CLANG_WARN_RANGE_LOOP_ANALYSIS = YES;
				CLANG_WARN_STRICT_PROTOTYPES = YES;
				CLANG_WARN_SUSPICIOUS_MOVE = YES;
				CLANG_WARN_UNGUARDED_AVAILABILITY = YES_AGGRESSIVE;
				CLANG_WARN_UNREACHABLE_CODE = YES;
				CLANG_WARN__DUPLICATE_METHOD_MATCH = YES;
				CODE_SIGN_IDENTITY = "iPhone Developer";
				COPY_PHASE_STRIP = NO;
				DEBUG_INFORMATION_FORMAT = "dwarf-with-dsym";
				ENABLE_NS_ASSERTIONS = NO;
				ENABLE_STRICT_OBJC_MSGSEND = YES;
				GCC_C_LANGUAGE_STANDARD = gnu11;
				GCC_NO_COMMON_BLOCKS = YES;
				GCC_WARN_64_TO_32_BIT_CONVERSION = YES;
				GCC_WARN_ABOUT_RETURN_TYPE = YES_ERROR;
				GCC_WARN_UNDECLARED_SELECTOR = YES;
				GCC_WARN_UNINITIALIZED_AUTOS = YES_AGGRESSIVE;
				GCC_WARN_UNUSED_FUNCTION = YES;
				GCC_WARN_UNUSED_VARIABLE = YES;
				IPHONEOS_DEPLOYMENT_TARGET = 12.0;
				MTL_ENABLE_DEBUG_INFO = NO;
				MTL_FAST_MATH = YES;
				SDKROOT = iphoneos;
				SWIFT_COMPILATION_MODE = wholemodule;
				SWIFT_OPTIMIZATION_LEVEL = "-O";
				VALIDATE_PRODUCT = YES;
			};
			name = Release;
		};
		5D929E04221A412300D60EE9 /* Debug */ = {
			isa = XCBuildConfiguration;
			baseConfigurationReference = 0BA3E8F4279E93F78BB98F15 /* Pods-Media Picker.debug.xcconfig */;
			buildSettings = {
				ASSETCATALOG_COMPILER_APPICON_NAME = AppIcon;
				CODE_SIGN_STYLE = Automatic;
				INFOPLIST_FILE = "Media Picker/Info.plist";
				IPHONEOS_DEPLOYMENT_TARGET = 10;
				LD_RUNPATH_SEARCH_PATHS = (
					"$(inherited)",
					"@executable_path/Frameworks",
				);
				PRODUCT_BUNDLE_IDENTIFIER = "com.ashwin.Media-Picker";
				PRODUCT_NAME = "$(TARGET_NAME)";
				SWIFT_VERSION = 4.2;
				TARGETED_DEVICE_FAMILY = "1,2";
			};
			name = Debug;
		};
		5D929E05221A412300D60EE9 /* Release */ = {
			isa = XCBuildConfiguration;
			baseConfigurationReference = 21EB94B5198DD2DB80C895A9 /* Pods-Media Picker.release.xcconfig */;
			buildSettings = {
				ASSETCATALOG_COMPILER_APPICON_NAME = AppIcon;
				CODE_SIGN_STYLE = Automatic;
				INFOPLIST_FILE = "Media Picker/Info.plist";
				IPHONEOS_DEPLOYMENT_TARGET = 10;
				LD_RUNPATH_SEARCH_PATHS = (
					"$(inherited)",
					"@executable_path/Frameworks",
				);
				PRODUCT_BUNDLE_IDENTIFIER = "com.ashwin.Media-Picker";
				PRODUCT_NAME = "$(TARGET_NAME)";
				SWIFT_VERSION = 4.2;
				TARGETED_DEVICE_FAMILY = "1,2";
			};
			name = Release;
		};
/* End XCBuildConfiguration section */

/* Begin XCConfigurationList section */
		5D929DEC221A412200D60EE9 /* Build configuration list for PBXProject "Media Picker" */ = {
			isa = XCConfigurationList;
			buildConfigurations = (
				5D929E01221A412300D60EE9 /* Debug */,
				5D929E02221A412300D60EE9 /* Release */,
			);
			defaultConfigurationIsVisible = 0;
			defaultConfigurationName = Release;
		};
		5D929E03221A412300D60EE9 /* Build configuration list for PBXNativeTarget "Media Picker" */ = {
			isa = XCConfigurationList;
			buildConfigurations = (
				5D929E04221A412300D60EE9 /* Debug */,
				5D929E05221A412300D60EE9 /* Release */,
			);
			defaultConfigurationIsVisible = 0;
			defaultConfigurationName = Release;
		};
/* End XCConfigurationList section */
	};
	rootObject = 5D929DE9221A412200D60EE9 /* Project object */;
}
